// !$*UTF8*$!
{
	archiveVersion = 1;
	classes = {
	};
	objectVersion = 51;
	objects = {

/* Begin PBXBuildFile section */
		1215ED3024656EAB006926AB /* stayhome.json in Resources */ = {isa = PBXBuildFile; fileRef = 123124DF245300060006F286 /* stayhome.json */; };
		1215ED3124656EAB006926AB /* registration.json in Resources */ = {isa = PBXBuildFile; fileRef = 120695C82456123000D012B2 /* registration.json */; };
		1215ED3224656EAB006926AB /* thinkagain.json in Resources */ = {isa = PBXBuildFile; fileRef = 120695CC2457397F00D012B2 /* thinkagain.json */; };
		1215ED3324656EAB006926AB /* GoogleService-Info.plist in Resources */ = {isa = PBXBuildFile; fileRef = 121753E2245324DE006B6F94 /* GoogleService-Info.plist */; };
		121753E124531E06006B6F94 /* Question.swift in Sources */ = {isa = PBXBuildFile; fileRef = 121753E024531E06006B6F94 /* Question.swift */; };
		121C3E8C2452F174008340C2 /* AppDelegate.swift in Sources */ = {isa = PBXBuildFile; fileRef = 121C3E8B2452F174008340C2 /* AppDelegate.swift */; };
		121C3E8E2452F174008340C2 /* SceneDelegate.swift in Sources */ = {isa = PBXBuildFile; fileRef = 121C3E8D2452F174008340C2 /* SceneDelegate.swift */; };
		121C3E902452F174008340C2 /* OnboardingPage.swift in Sources */ = {isa = PBXBuildFile; fileRef = 121C3E8F2452F174008340C2 /* OnboardingPage.swift */; };
		121EA17C246454B3000E6DB2 /* ResultsTableViewCell.swift in Sources */ = {isa = PBXBuildFile; fileRef = 121EA17B246454B3000E6DB2 /* ResultsTableViewCell.swift */; };
		123124DE2452FF2A0006F286 /* UserInfoInput.swift in Sources */ = {isa = PBXBuildFile; fileRef = 123124DD2452FF290006F286 /* UserInfoInput.swift */; };
		12A7DC02245E379900D1C623 /* Answer.swift in Sources */ = {isa = PBXBuildFile; fileRef = 12A7DC01245E379800D1C623 /* Answer.swift */; };
		12A7DC04245EF0F300D1C623 /* ResultsTableViewController.swift in Sources */ = {isa = PBXBuildFile; fileRef = 12A7DC03245EF0F300D1C623 /* ResultsTableViewController.swift */; };
		12A7DC06245EF6F200D1C623 /* TabBarController.swift in Sources */ = {isa = PBXBuildFile; fileRef = 12A7DC05245EF6F200D1C623 /* TabBarController.swift */; };
		12A7DC08245F018500D1C623 /* Results.swift in Sources */ = {isa = PBXBuildFile; fileRef = 12A7DC07245F018500D1C623 /* Results.swift */; };
		12A7DC0A245F021D00D1C623 /* ResultsData.swift in Sources */ = {isa = PBXBuildFile; fileRef = 12A7DC09245F021D00D1C623 /* ResultsData.swift */; };
		12A7DC0C245F02BE00D1C623 /* Remedy.swift in Sources */ = {isa = PBXBuildFile; fileRef = 12A7DC0B245F02BE00D1C623 /* Remedy.swift */; };
		12A7DC0E245F6EBC00D1C623 /* Section.swift in Sources */ = {isa = PBXBuildFile; fileRef = 12A7DC0D245F6EBC00D1C623 /* Section.swift */; };
		12B3F7082462C59E0004B71B /* PreviewViewController.swift in Sources */ = {isa = PBXBuildFile; fileRef = 12B3F7072462C59E0004B71B /* PreviewViewController.swift */; };
		12ED3775245328300058AA75 /* QuestionsPage.swift in Sources */ = {isa = PBXBuildFile; fileRef = 12ED3774245328300058AA75 /* QuestionsPage.swift */; };
		12ED377824532BE20058AA75 /* QuestionData.swift in Sources */ = {isa = PBXBuildFile; fileRef = 12ED377724532BE20058AA75 /* QuestionData.swift */; };
		C82E74ACB695D092E1FE3476 /* Pods_CovidTestKit.framework in Frameworks */ = {isa = PBXBuildFile; fileRef = 262424258E4E783332194975 /* Pods_CovidTestKit.framework */; };
/* End PBXBuildFile section */

/* Begin PBXFileReference section */
		120695C82456123000D012B2 /* registration.json */ = {isa = PBXFileReference; fileEncoding = 4; lastKnownFileType = text.json; path = registration.json; sourceTree = "<group>"; };
		120695CC2457397F00D012B2 /* thinkagain.json */ = {isa = PBXFileReference; fileEncoding = 4; lastKnownFileType = text.json; path = thinkagain.json; sourceTree = "<group>"; };
		1215ED2724656DB5006926AB /* BATabBarController.framework */ = {isa = PBXFileReference; explicitFileType = wrapper.framework; path = BATabBarController.framework; sourceTree = BUILT_PRODUCTS_DIR; };
		1215ED2824656DB5006926AB /* BLTNBoard.framework */ = {isa = PBXFileReference; explicitFileType = wrapper.framework; path = BLTNBoard.framework; sourceTree = BUILT_PRODUCTS_DIR; };
		1215ED2924656DB5006926AB /* CollapsibleTableSectionViewController.framework */ = {isa = PBXFileReference; explicitFileType = wrapper.framework; path = CollapsibleTableSectionViewController.framework; sourceTree = BUILT_PRODUCTS_DIR; };
		121753E024531E06006B6F94 /* Question.swift */ = {isa = PBXFileReference; lastKnownFileType = sourcecode.swift; path = Question.swift; sourceTree = "<group>"; };
		121753E2245324DE006B6F94 /* GoogleService-Info.plist */ = {isa = PBXFileReference; fileEncoding = 4; lastKnownFileType = text.plist.xml; path = "GoogleService-Info.plist"; sourceTree = "<group>"; };
		121C3E882452F174008340C2 /* CovidTestKit.app */ = {isa = PBXFileReference; explicitFileType = wrapper.application; includeInIndex = 0; path = CovidTestKit.app; sourceTree = BUILT_PRODUCTS_DIR; };
		121C3E8B2452F174008340C2 /* AppDelegate.swift */ = {isa = PBXFileReference; lastKnownFileType = sourcecode.swift; path = AppDelegate.swift; sourceTree = "<group>"; };
		121C3E8D2452F174008340C2 /* SceneDelegate.swift */ = {isa = PBXFileReference; lastKnownFileType = sourcecode.swift; path = SceneDelegate.swift; sourceTree = "<group>"; };
		121C3E8F2452F174008340C2 /* OnboardingPage.swift */ = {isa = PBXFileReference; lastKnownFileType = sourcecode.swift; path = OnboardingPage.swift; sourceTree = "<group>"; };
		121C3E942452F17A008340C2 /* Assets.xcassets */ = {isa = PBXFileReference; lastKnownFileType = folder.assetcatalog; path = Assets.xcassets; sourceTree = "<group>"; };
		121C3E972452F17A008340C2 /* Base */ = {isa = PBXFileReference; lastKnownFileType = file.storyboard; name = Base; path = Base.lproj/LaunchScreen.storyboard; sourceTree = "<group>"; };
		121C3E992452F17A008340C2 /* Info.plist */ = {isa = PBXFileReference; lastKnownFileType = text.plist.xml; path = Info.plist; sourceTree = "<group>"; };
		121EA17B246454B3000E6DB2 /* ResultsTableViewCell.swift */ = {isa = PBXFileReference; lastKnownFileType = sourcecode.swift; path = ResultsTableViewCell.swift; sourceTree = "<group>"; };
		122986B324656CA4005094BB /* Hue.framework */ = {isa = PBXFileReference; explicitFileType = wrapper.framework; path = Hue.framework; sourceTree = BUILT_PRODUCTS_DIR; };
		123124DD2452FF290006F286 /* UserInfoInput.swift */ = {isa = PBXFileReference; lastKnownFileType = sourcecode.swift; path = UserInfoInput.swift; sourceTree = "<group>"; };
		123124DF245300060006F286 /* stayhome.json */ = {isa = PBXFileReference; fileEncoding = 4; lastKnownFileType = text.json; path = stayhome.json; sourceTree = "<group>"; };
		12A7DC01245E379800D1C623 /* Answer.swift */ = {isa = PBXFileReference; lastKnownFileType = sourcecode.swift; path = Answer.swift; sourceTree = "<group>"; };
		12A7DC03245EF0F300D1C623 /* ResultsTableViewController.swift */ = {isa = PBXFileReference; lastKnownFileType = sourcecode.swift; path = ResultsTableViewController.swift; sourceTree = "<group>"; };
		12A7DC05245EF6F200D1C623 /* TabBarController.swift */ = {isa = PBXFileReference; lastKnownFileType = sourcecode.swift; path = TabBarController.swift; sourceTree = "<group>"; };
		12A7DC07245F018500D1C623 /* Results.swift */ = {isa = PBXFileReference; lastKnownFileType = sourcecode.swift; path = Results.swift; sourceTree = "<group>"; };
		12A7DC09245F021D00D1C623 /* ResultsData.swift */ = {isa = PBXFileReference; lastKnownFileType = sourcecode.swift; path = ResultsData.swift; sourceTree = "<group>"; };
		12A7DC0B245F02BE00D1C623 /* Remedy.swift */ = {isa = PBXFileReference; lastKnownFileType = sourcecode.swift; path = Remedy.swift; sourceTree = "<group>"; };
		12A7DC0D245F6EBC00D1C623 /* Section.swift */ = {isa = PBXFileReference; lastKnownFileType = sourcecode.swift; path = Section.swift; sourceTree = "<group>"; };
		12B3F7072462C59E0004B71B /* PreviewViewController.swift */ = {isa = PBXFileReference; lastKnownFileType = sourcecode.swift; path = PreviewViewController.swift; sourceTree = "<group>"; };
		12ED3774245328300058AA75 /* QuestionsPage.swift */ = {isa = PBXFileReference; lastKnownFileType = sourcecode.swift; path = QuestionsPage.swift; sourceTree = "<group>"; };
		12ED377724532BE20058AA75 /* QuestionData.swift */ = {isa = PBXFileReference; lastKnownFileType = sourcecode.swift; path = QuestionData.swift; sourceTree = "<group>"; };
		16BC0DA31FCB6ACBA73E9F9C /* Pods-CovidTestKit.debug.xcconfig */ = {isa = PBXFileReference; includeInIndex = 1; lastKnownFileType = text.xcconfig; name = "Pods-CovidTestKit.debug.xcconfig"; path = "Target Support Files/Pods-CovidTestKit/Pods-CovidTestKit.debug.xcconfig"; sourceTree = "<group>"; };
		262424258E4E783332194975 /* Pods_CovidTestKit.framework */ = {isa = PBXFileReference; explicitFileType = wrapper.framework; includeInIndex = 0; path = Pods_CovidTestKit.framework; sourceTree = BUILT_PRODUCTS_DIR; };
		C2AD074BF4A9E836EC6A2020 /* Pods-CovidTestKit.release.xcconfig */ = {isa = PBXFileReference; includeInIndex = 1; lastKnownFileType = text.xcconfig; name = "Pods-CovidTestKit.release.xcconfig"; path = "Target Support Files/Pods-CovidTestKit/Pods-CovidTestKit.release.xcconfig"; sourceTree = "<group>"; };
/* End PBXFileReference section */

/* Begin PBXFrameworksBuildPhase section */
		121C3E852452F174008340C2 /* Frameworks */ = {
			isa = PBXFrameworksBuildPhase;
			buildActionMask = 2147483647;
			files = (
				C82E74ACB695D092E1FE3476 /* Pods_CovidTestKit.framework in Frameworks */,
			);
			runOnlyForDeploymentPostprocessing = 0;
		};
/* End PBXFrameworksBuildPhase section */

/* Begin PBXGroup section */
		121C3E7F2452F174008340C2 = {
			isa = PBXGroup;
			children = (
				121C3E8A2452F174008340C2 /* CovidTestKit */,
				121C3E892452F174008340C2 /* Products */,
				628985CD401E7EF34599C355 /* Pods */,
				4243E39EFA6E93BA8FFBFADB /* Frameworks */,
			);
			sourceTree = "<group>";
		};
		121C3E892452F174008340C2 /* Products */ = {
			isa = PBXGroup;
			children = (
				121C3E882452F174008340C2 /* CovidTestKit.app */,
			);
			name = Products;
			sourceTree = "<group>";
		};
		121C3E8A2452F174008340C2 /* CovidTestKit */ = {
			isa = PBXGroup;
			children = (
				123124DF245300060006F286 /* stayhome.json */,
				120695C82456123000D012B2 /* registration.json */,
				120695CC2457397F00D012B2 /* thinkagain.json */,
				121C3E8B2452F174008340C2 /* AppDelegate.swift */,
				121C3E8D2452F174008340C2 /* SceneDelegate.swift */,
				12ED3776245328880058AA75 /* Model */,
				121C3E8F2452F174008340C2 /* OnboardingPage.swift */,
				123124DD2452FF290006F286 /* UserInfoInput.swift */,
				12A7DC05245EF6F200D1C623 /* TabBarController.swift */,
				12ED3774245328300058AA75 /* QuestionsPage.swift */,
				12A7DC03245EF0F300D1C623 /* ResultsTableViewController.swift */,
				121EA17B246454B3000E6DB2 /* ResultsTableViewCell.swift */,
				12B3F7072462C59E0004B71B /* PreviewViewController.swift */,
				121C3E942452F17A008340C2 /* Assets.xcassets */,
				121753E2245324DE006B6F94 /* GoogleService-Info.plist */,
				121C3E962452F17A008340C2 /* LaunchScreen.storyboard */,
				121C3E992452F17A008340C2 /* Info.plist */,
			);
			path = CovidTestKit;
			sourceTree = "<group>";
		};
		12ED3776245328880058AA75 /* Model */ = {
			isa = PBXGroup;
			children = (
				121753E024531E06006B6F94 /* Question.swift */,
				12A7DC01245E379800D1C623 /* Answer.swift */,
				12A7DC07245F018500D1C623 /* Results.swift */,
				12A7DC0D245F6EBC00D1C623 /* Section.swift */,
				12A7DC0B245F02BE00D1C623 /* Remedy.swift */,
				12A7DC09245F021D00D1C623 /* ResultsData.swift */,
				12ED377724532BE20058AA75 /* QuestionData.swift */,
			);
			path = Model;
			sourceTree = "<group>";
		};
		4243E39EFA6E93BA8FFBFADB /* Frameworks */ = {
			isa = PBXGroup;
			children = (
				1215ED2724656DB5006926AB /* BATabBarController.framework */,
				1215ED2824656DB5006926AB /* BLTNBoard.framework */,
				1215ED2924656DB5006926AB /* CollapsibleTableSectionViewController.framework */,
				122986B324656CA4005094BB /* Hue.framework */,
				262424258E4E783332194975 /* Pods_CovidTestKit.framework */,
			);
			name = Frameworks;
			sourceTree = "<group>";
		};
		628985CD401E7EF34599C355 /* Pods */ = {
			isa = PBXGroup;
			children = (
				16BC0DA31FCB6ACBA73E9F9C /* Pods-CovidTestKit.debug.xcconfig */,
				C2AD074BF4A9E836EC6A2020 /* Pods-CovidTestKit.release.xcconfig */,
			);
			path = Pods;
			sourceTree = "<group>";
		};
/* End PBXGroup section */

/* Begin PBXNativeTarget section */
		121C3E872452F174008340C2 /* CovidTestKit */ = {
			isa = PBXNativeTarget;
			buildConfigurationList = 121C3E9C2452F17A008340C2 /* Build configuration list for PBXNativeTarget "CovidTestKit" */;
			buildPhases = (
				6BB4E97FCA949367BBF7B692 /* [CP] Check Pods Manifest.lock */,
				121C3E842452F174008340C2 /* Sources */,
				121C3E852452F174008340C2 /* Frameworks */,
				121C3E862452F174008340C2 /* Resources */,
				06FB697A255F58B048E6EF1C /* [CP] Embed Pods Frameworks */,
			);
			buildRules = (
			);
			dependencies = (
			);
			name = CovidTestKit;
			productName = CovidTestKit;
			productReference = 121C3E882452F174008340C2 /* CovidTestKit.app */;
			productType = "com.apple.product-type.application";
		};
/* End PBXNativeTarget section */

/* Begin PBXProject section */
		121C3E802452F174008340C2 /* Project object */ = {
			isa = PBXProject;
			attributes = {
				LastSwiftUpdateCheck = 1130;
				LastUpgradeCheck = 1130;
				ORGANIZATIONNAME = "melvin asare";
				TargetAttributes = {
					121C3E872452F174008340C2 = {
						CreatedOnToolsVersion = 11.3.1;
					};
				};
			};
			buildConfigurationList = 121C3E832452F174008340C2 /* Build configuration list for PBXProject "CovidTestKit" */;
			compatibilityVersion = "Xcode 9.3";
			developmentRegion = en;
			hasScannedForEncodings = 0;
			knownRegions = (
				en,
				Base,
			);
			mainGroup = 121C3E7F2452F174008340C2;
			productRefGroup = 121C3E892452F174008340C2 /* Products */;
			projectDirPath = "";
			projectRoot = "";
			targets = (
				121C3E872452F174008340C2 /* CovidTestKit */,
			);
		};
/* End PBXProject section */

/* Begin PBXResourcesBuildPhase section */
		121C3E862452F174008340C2 /* Resources */ = {
			isa = PBXResourcesBuildPhase;
			buildActionMask = 2147483647;
			files = (
				1215ED3024656EAB006926AB /* stayhome.json in Resources */,
				1215ED3124656EAB006926AB /* registration.json in Resources */,
				1215ED3224656EAB006926AB /* thinkagain.json in Resources */,
				1215ED3324656EAB006926AB /* GoogleService-Info.plist in Resources */,
			);
			runOnlyForDeploymentPostprocessing = 0;
		};
/* End PBXResourcesBuildPhase section */

/* Begin PBXShellScriptBuildPhase section */
		06FB697A255F58B048E6EF1C /* [CP] Embed Pods Frameworks */ = {
			isa = PBXShellScriptBuildPhase;
			buildActionMask = 2147483647;
			files = (
			);
			inputFileListPaths = (
				"${PODS_ROOT}/Target Support Files/Pods-CovidTestKit/Pods-CovidTestKit-frameworks-${CONFIGURATION}-input-files.xcfilelist",
			);
			name = "[CP] Embed Pods Frameworks";
			outputFileListPaths = (
				"${PODS_ROOT}/Target Support Files/Pods-CovidTestKit/Pods-CovidTestKit-frameworks-${CONFIGURATION}-output-files.xcfilelist",
			);
			runOnlyForDeploymentPostprocessing = 0;
			shellPath = /bin/sh;
			shellScript = "\"${PODS_ROOT}/Target Support Files/Pods-CovidTestKit/Pods-CovidTestKit-frameworks.sh\"\n";
			showEnvVarsInLog = 0;
		};
		6BB4E97FCA949367BBF7B692 /* [CP] Check Pods Manifest.lock */ = {
			isa = PBXShellScriptBuildPhase;
			buildActionMask = 2147483647;
			files = (
			);
			inputFileListPaths = (
			);
			inputPaths = (
				"${PODS_PODFILE_DIR_PATH}/Podfile.lock",
				"${PODS_ROOT}/Manifest.lock",
			);
			name = "[CP] Check Pods Manifest.lock";
			outputFileListPaths = (
			);
			outputPaths = (
				"$(DERIVED_FILE_DIR)/Pods-CovidTestKit-checkManifestLockResult.txt",
			);
			runOnlyForDeploymentPostprocessing = 0;
			shellPath = /bin/sh;
			shellScript = "diff \"${PODS_PODFILE_DIR_PATH}/Podfile.lock\" \"${PODS_ROOT}/Manifest.lock\" > /dev/null\nif [ $? != 0 ] ; then\n    # print error to STDERR\n    echo \"error: The sandbox is not in sync with the Podfile.lock. Run 'pod install' or update your CocoaPods installation.\" >&2\n    exit 1\nfi\n# This output is used by Xcode 'outputs' to avoid re-running this script phase.\necho \"SUCCESS\" > \"${SCRIPT_OUTPUT_FILE_0}\"\n";
			showEnvVarsInLog = 0;
		};
/* End PBXShellScriptBuildPhase section */

/* Begin PBXSourcesBuildPhase section */
		121C3E842452F174008340C2 /* Sources */ = {
			isa = PBXSourcesBuildPhase;
			buildActionMask = 2147483647;
			files = (
				12A7DC0E245F6EBC00D1C623 /* Section.swift in Sources */,
				12ED3775245328300058AA75 /* QuestionsPage.swift in Sources */,
				12A7DC0C245F02BE00D1C623 /* Remedy.swift in Sources */,
				121753E124531E06006B6F94 /* Question.swift in Sources */,
				12A7DC06245EF6F200D1C623 /* TabBarController.swift in Sources */,
				121C3E902452F174008340C2 /* OnboardingPage.swift in Sources */,
				12A7DC02245E379900D1C623 /* Answer.swift in Sources */,
				12A7DC04245EF0F300D1C623 /* ResultsTableViewController.swift in Sources */,
				12B3F7082462C59E0004B71B /* PreviewViewController.swift in Sources */,
				12A7DC0A245F021D00D1C623 /* ResultsData.swift in Sources */,
				121EA17C246454B3000E6DB2 /* ResultsTableViewCell.swift in Sources */,
				12A7DC08245F018500D1C623 /* Results.swift in Sources */,
				12ED377824532BE20058AA75 /* QuestionData.swift in Sources */,
				123124DE2452FF2A0006F286 /* UserInfoInput.swift in Sources */,
				121C3E8C2452F174008340C2 /* AppDelegate.swift in Sources */,
				121C3E8E2452F174008340C2 /* SceneDelegate.swift in Sources */,
			);
			runOnlyForDeploymentPostprocessing = 0;
		};
/* End PBXSourcesBuildPhase section */

/* Begin PBXVariantGroup section */
		121C3E962452F17A008340C2 /* LaunchScreen.storyboard */ = {
			isa = PBXVariantGroup;
			children = (
				121C3E972452F17A008340C2 /* Base */,
			);
			name = LaunchScreen.storyboard;
			sourceTree = "<group>";
		};
/* End PBXVariantGroup section */

/* Begin XCBuildConfiguration section */
		121C3E9A2452F17A008340C2 /* Debug */ = {
			isa = XCBuildConfiguration;
			buildSettings = {
				ALWAYS_SEARCH_USER_PATHS = NO;
				CLANG_ANALYZER_NONNULL = YES;
				CLANG_ANALYZER_NUMBER_OBJECT_CONVERSION = YES_AGGRESSIVE;
				CLANG_CXX_LANGUAGE_STANDARD = "gnu++14";
				CLANG_CXX_LIBRARY = "libc++";
				CLANG_ENABLE_MODULES = YES;
				CLANG_ENABLE_OBJC_ARC = YES;
				CLANG_ENABLE_OBJC_WEAK = YES;
				CLANG_WARN_BLOCK_CAPTURE_AUTORELEASING = YES;
				CLANG_WARN_BOOL_CONVERSION = YES;
				CLANG_WARN_COMMA = YES;
				CLANG_WARN_CONSTANT_CONVERSION = YES;
				CLANG_WARN_DEPRECATED_OBJC_IMPLEMENTATIONS = YES;
				CLANG_WARN_DIRECT_OBJC_ISA_USAGE = YES_ERROR;
				CLANG_WARN_DOCUMENTATION_COMMENTS = YES;
				CLANG_WARN_EMPTY_BODY = YES;
				CLANG_WARN_ENUM_CONVERSION = YES;
				CLANG_WARN_INFINITE_RECURSION = YES;
				CLANG_WARN_INT_CONVERSION = YES;
				CLANG_WARN_NON_LITERAL_NULL_CONVERSION = YES;
				CLANG_WARN_OBJC_IMPLICIT_RETAIN_SELF = YES;
				CLANG_WARN_OBJC_LITERAL_CONVERSION = YES;
				CLANG_WARN_OBJC_ROOT_CLASS = YES_ERROR;
				CLANG_WARN_RANGE_LOOP_ANALYSIS = YES;
				CLANG_WARN_STRICT_PROTOTYPES = YES;
				CLANG_WARN_SUSPICIOUS_MOVE = YES;
				CLANG_WARN_UNGUARDED_AVAILABILITY = YES_AGGRESSIVE;
				CLANG_WARN_UNREACHABLE_CODE = YES;
				CLANG_WARN__DUPLICATE_METHOD_MATCH = YES;
				COPY_PHASE_STRIP = NO;
				DEBUG_INFORMATION_FORMAT = dwarf;
				ENABLE_STRICT_OBJC_MSGSEND = YES;
				ENABLE_TESTABILITY = YES;
				GCC_C_LANGUAGE_STANDARD = gnu11;
				GCC_DYNAMIC_NO_PIC = NO;
				GCC_NO_COMMON_BLOCKS = YES;
				GCC_OPTIMIZATION_LEVEL = 0;
				GCC_PREPROCESSOR_DEFINITIONS = (
					"DEBUG=1",
					"$(inherited)",
				);
				GCC_WARN_64_TO_32_BIT_CONVERSION = YES;
				GCC_WARN_ABOUT_RETURN_TYPE = YES_ERROR;
				GCC_WARN_UNDECLARED_SELECTOR = YES;
				GCC_WARN_UNINITIALIZED_AUTOS = YES_AGGRESSIVE;
				GCC_WARN_UNUSED_FUNCTION = YES;
				GCC_WARN_UNUSED_VARIABLE = YES;
				IPHONEOS_DEPLOYMENT_TARGET = 13.2;
				MTL_ENABLE_DEBUG_INFO = INCLUDE_SOURCE;
				MTL_FAST_MATH = YES;
				ONLY_ACTIVE_ARCH = YES;
				SDKROOT = iphoneos;
				SWIFT_ACTIVE_COMPILATION_CONDITIONS = DEBUG;
				SWIFT_OPTIMIZATION_LEVEL = "-Onone";
			};
			name = Debug;
		};
		121C3E9B2452F17A008340C2 /* Release */ = {
			isa = XCBuildConfiguration;
			buildSettings = {
				ALWAYS_SEARCH_USER_PATHS = NO;
				CLANG_ANALYZER_NONNULL = YES;
				CLANG_ANALYZER_NUMBER_OBJECT_CONVERSION = YES_AGGRESSIVE;
				CLANG_CXX_LANGUAGE_STANDARD = "gnu++14";
				CLANG_CXX_LIBRARY = "libc++";
				CLANG_ENABLE_MODULES = YES;
				CLANG_ENABLE_OBJC_ARC = YES;
				CLANG_ENABLE_OBJC_WEAK = YES;
				CLANG_WARN_BLOCK_CAPTURE_AUTORELEASING = YES;
				CLANG_WARN_BOOL_CONVERSION = YES;
				CLANG_WARN_COMMA = YES;
				CLANG_WARN_CONSTANT_CONVERSION = YES;
				CLANG_WARN_DEPRECATED_OBJC_IMPLEMENTATIONS = YES;
				CLANG_WARN_DIRECT_OBJC_ISA_USAGE = YES_ERROR;
				CLANG_WARN_DOCUMENTATION_COMMENTS = YES;
				CLANG_WARN_EMPTY_BODY = YES;
				CLANG_WARN_ENUM_CONVERSION = YES;
				CLANG_WARN_INFINITE_RECURSION = YES;
				CLANG_WARN_INT_CONVERSION = YES;
				CLANG_WARN_NON_LITERAL_NULL_CONVERSION = YES;
				CLANG_WARN_OBJC_IMPLICIT_RETAIN_SELF = YES;
				CLANG_WARN_OBJC_LITERAL_CONVERSION = YES;
				CLANG_WARN_OBJC_ROOT_CLASS = YES_ERROR;
				CLANG_WARN_RANGE_LOOP_ANALYSIS = YES;
				CLANG_WARN_STRICT_PROTOTYPES = YES;
				CLANG_WARN_SUSPICIOUS_MOVE = YES;
				CLANG_WARN_UNGUARDED_AVAILABILITY = YES_AGGRESSIVE;
				CLANG_WARN_UNREACHABLE_CODE = YES;
				CLANG_WARN__DUPLICATE_METHOD_MATCH = YES;
				COPY_PHASE_STRIP = NO;
				DEBUG_INFORMATION_FORMAT = "dwarf-with-dsym";
				ENABLE_NS_ASSERTIONS = NO;
				ENABLE_STRICT_OBJC_MSGSEND = YES;
				GCC_C_LANGUAGE_STANDARD = gnu11;
				GCC_NO_COMMON_BLOCKS = YES;
				GCC_WARN_64_TO_32_BIT_CONVERSION = YES;
				GCC_WARN_ABOUT_RETURN_TYPE = YES_ERROR;
				GCC_WARN_UNDECLARED_SELECTOR = YES;
				GCC_WARN_UNINITIALIZED_AUTOS = YES_AGGRESSIVE;
				GCC_WARN_UNUSED_FUNCTION = YES;
				GCC_WARN_UNUSED_VARIABLE = YES;
				IPHONEOS_DEPLOYMENT_TARGET = 13.2;
				MTL_ENABLE_DEBUG_INFO = NO;
				MTL_FAST_MATH = YES;
				SDKROOT = iphoneos;
				SWIFT_COMPILATION_MODE = wholemodule;
				SWIFT_OPTIMIZATION_LEVEL = "-O";
				VALIDATE_PRODUCT = YES;
			};
			name = Release;
		};
		121C3E9D2452F17A008340C2 /* Debug */ = {
			isa = XCBuildConfiguration;
			baseConfigurationReference = 16BC0DA31FCB6ACBA73E9F9C /* Pods-CovidTestKit.debug.xcconfig */;
			buildSettings = {
				ASSETCATALOG_COMPILER_APPICON_NAME = AppIcon;
				CODE_SIGN_STYLE = Automatic;
				DEVELOPMENT_TEAM = TU25L7DJ8L;
				HEADER_SEARCH_PATHS = (
					"$(inherited)",
					"\"${PODS_CONFIGURATION_BUILD_DIR}/DynamicColor/DynamicColor.framework/Headers\"",
					"\"${PODS_CONFIGURATION_BUILD_DIR}/FirebaseAuth/FirebaseAuth.framework/Headers\"",
					"\"${PODS_CONFIGURATION_BUILD_DIR}/FirebaseCore/FirebaseCore.framework/Headers\"",
					"\"${PODS_CONFIGURATION_BUILD_DIR}/FirebaseCoreDiagnostics/FirebaseCoreDiagnostics.framework/Headers\"",
					"\"${PODS_CONFIGURATION_BUILD_DIR}/FirebaseDatabase/FirebaseDatabase.framework/Headers\"",
					"\"${PODS_CONFIGURATION_BUILD_DIR}/FirebaseInstallations/FirebaseInstallations.framework/Headers\"",
					"\"${PODS_CONFIGURATION_BUILD_DIR}/GTMSessionFetcher/GTMSessionFetcher.framework/Headers\"",
					"\"${PODS_CONFIGURATION_BUILD_DIR}/GoogleDataTransport/GoogleDataTransport.framework/Headers\"",
					"\"${PODS_CONFIGURATION_BUILD_DIR}/GoogleDataTransportCCTSupport/GoogleDataTransportCCTSupport.framework/Headers\"",
					"\"${PODS_CONFIGURATION_BUILD_DIR}/GoogleUtilities/GoogleUtilities.framework/Headers\"",
					"\"${PODS_CONFIGURATION_BUILD_DIR}/Hue/Hue.framework/Headers\"",
					"\"${PODS_CONFIGURATION_BUILD_DIR}/PromisesObjC/FBLPromises.framework/Headers\"",
					"\"${PODS_CONFIGURATION_BUILD_DIR}/leveldb-library/leveldb.framework/Headers\"",
					"\"${PODS_CONFIGURATION_BUILD_DIR}/lottie-ios/Lottie.framework/Headers\"",
					"\"${PODS_CONFIGURATION_BUILD_DIR}/nanopb/nanopb.framework/Headers\"",
					"\"$(SRCROOT)/Pods\"/**",
					"\"${PODS_ROOT}/Headers/Public\"",
					"\"${PODS_ROOT}/Headers/Public/Firebase\"",
					"\"${PODS_ROOT}/Headers/Public/FirebaseAuthInterop\"",
					"\"${PODS_ROOT}/Headers/Public/FirebaseCoreDiagnosticsInterop\"",
					"$(inherited)",
					"${PODS_ROOT}/Firebase/CoreOnly/Sources",
					"\"${PODS_TARGET_SRCROOT}/Sources/FBLPromises/include\"",
				);
				INFOPLIST_FILE = CovidTestKit/Info.plist;
				LD_RUNPATH_SEARCH_PATHS = (
					"$(inherited)",
					"@executable_path/Frameworks",
				);
				PRODUCT_BUNDLE_IDENTIFIER = melvinasare.CovidTestKit;
				PRODUCT_NAME = "$(TARGET_NAME)";
				SWIFT_VERSION = 5.0;
				TARGETED_DEVICE_FAMILY = "1,2";
			};
			name = Debug;
		};
		121C3E9E2452F17A008340C2 /* Release */ = {
			isa = XCBuildConfiguration;
			baseConfigurationReference = C2AD074BF4A9E836EC6A2020 /* Pods-CovidTestKit.release.xcconfig */;
			buildSettings = {
				ASSETCATALOG_COMPILER_APPICON_NAME = AppIcon;
				CODE_SIGN_STYLE = Automatic;
				DEVELOPMENT_TEAM = TU25L7DJ8L;
				HEADER_SEARCH_PATHS = (
					"$(inherited)",
					"\"${PODS_CONFIGURATION_BUILD_DIR}/DynamicColor/DynamicColor.framework/Headers\"",
					"\"${PODS_CONFIGURATION_BUILD_DIR}/FirebaseAuth/FirebaseAuth.framework/Headers\"",
					"\"${PODS_CONFIGURATION_BUILD_DIR}/FirebaseCore/FirebaseCore.framework/Headers\"",
					"\"${PODS_CONFIGURATION_BUILD_DIR}/FirebaseCoreDiagnostics/FirebaseCoreDiagnostics.framework/Headers\"",
					"\"${PODS_CONFIGURATION_BUILD_DIR}/FirebaseDatabase/FirebaseDatabase.framework/Headers\"",
					"\"${PODS_CONFIGURATION_BUILD_DIR}/FirebaseInstallations/FirebaseInstallations.framework/Headers\"",
					"\"${PODS_CONFIGURATION_BUILD_DIR}/GTMSessionFetcher/GTMSessionFetcher.framework/Headers\"",
					"\"${PODS_CONFIGURATION_BUILD_DIR}/GoogleDataTransport/GoogleDataTransport.framework/Headers\"",
					"\"${PODS_CONFIGURATION_BUILD_DIR}/GoogleDataTransportCCTSupport/GoogleDataTransportCCTSupport.framework/Headers\"",
					"\"${PODS_CONFIGURATION_BUILD_DIR}/GoogleUtilities/GoogleUtilities.framework/Headers\"",
					"\"${PODS_CONFIGURATION_BUILD_DIR}/Hue/Hue.framework/Headers\"",
					"\"${PODS_CONFIGURATION_BUILD_DIR}/PromisesObjC/FBLPromises.framework/Headers\"",
					"\"${PODS_CONFIGURATION_BUILD_DIR}/leveldb-library/leveldb.framework/Headers\"",
					"\"${PODS_CONFIGURATION_BUILD_DIR}/lottie-ios/Lottie.framework/Headers\"",
					"\"${PODS_CONFIGURATION_BUILD_DIR}/nanopb/nanopb.framework/Headers\"",
					"\"$(SRCROOT)/Pods\"/**",
					"\"${PODS_ROOT}/Headers/Public\"",
					"\"${PODS_ROOT}/Headers/Public/Firebase\"",
					"\"${PODS_ROOT}/Headers/Public/FirebaseAuthInterop\"",
					"\"${PODS_ROOT}/Headers/Public/FirebaseCoreDiagnosticsInterop\"",
					"$(inherited)",
					"${PODS_ROOT}/Firebase/CoreOnly/Sources",
					"\"${PODS_TARGET_SRCROOT}/Sources/FBLPromises/include\"",
				);
				INFOPLIST_FILE = CovidTestKit/Info.plist;
				LD_RUNPATH_SEARCH_PATHS = (
					"$(inherited)",
					"@executable_path/Frameworks",
				);
				PRODUCT_BUNDLE_IDENTIFIER = melvinasare.CovidTestKit;
				PRODUCT_NAME = "$(TARGET_NAME)";
				SWIFT_VERSION = 5.0;
				TARGETED_DEVICE_FAMILY = "1,2";
			};
			name = Release;
		};
/* End XCBuildConfiguration section */

/* Begin XCConfigurationList section */
		121C3E832452F174008340C2 /* Build configuration list for PBXProject "CovidTestKit" */ = {
			isa = XCConfigurationList;
			buildConfigurations = (
				121C3E9A2452F17A008340C2 /* Debug */,
				121C3E9B2452F17A008340C2 /* Release */,
			);
			defaultConfigurationIsVisible = 0;
			defaultConfigurationName = Release;
		};
		121C3E9C2452F17A008340C2 /* Build configuration list for PBXNativeTarget "CovidTestKit" */ = {
			isa = XCConfigurationList;
			buildConfigurations = (
				121C3E9D2452F17A008340C2 /* Debug */,
				121C3E9E2452F17A008340C2 /* Release */,
			);
			defaultConfigurationIsVisible = 0;
			defaultConfigurationName = Release;
		};
/* End XCConfigurationList section */
	};
	rootObject = 121C3E802452F174008340C2 /* Project object */;
}
